{
  "name": "logister-cli",
  "version": "0.1.1",
  "lockfileVersion": 3,
  "requires": true,
  "packages": {
    "": {
      "name": "logister-cli",
      "version": "0.1.1",
      "license": "MIT",
      "bin": {
        "logister": "bin/logister.js"
      },
      "engines": {
        "node": ">=20"
      }
    }
  }
}
